# THIS IS AN AUTOGENERATED FILE. DO NOT EDIT THIS FILE DIRECTLY.
# yarn lockfile v1


atom-languageclient@^0.7.3:
  version "0.7.3"
  resolved "https://registry.yarnpkg.com/atom-languageclient/-/atom-languageclient-0.7.3.tgz#4d5c859baab3f3394dc45129935b3037719542fb"
  dependencies:
    vscode-jsonrpc "^3.5.0"

vscode-jsonrpc@^3.5.0:
  version "3.5.0"
  resolved "https://registry.yarnpkg.com/vscode-jsonrpc/-/vscode-jsonrpc-3.5.0.tgz#87239d9e166b2d7352245b8a813597804c1d63aa"
